
Microsoft Visual Studio Solution File, Format Version 12.00
# Visual Studio 15
VisualStudioVersion = 15.0.27130.2020
MinimumVisualStudioVersion = 10.0.40219.1
Project("{FAE04EC0-301F-11D3-BF4B-00C04F79EFBC}") = "MVCDIWebApplication", "MVCDIWebApplication\MVCDIWebApplication.csproj", "{2F8BC8A1-7D18-491C-B130-9B16A0CA8603}"
EndProject
Project("{FAE04EC0-301F-11D3-BF4B-00C04F79EFBC}") = "BusinessEntities", "BusinessEntities\BusinessEntities.csproj", "{31F835BC-3CC9-4827-9411-4D4A518C88E2}"
EndProject
Project("{FAE04EC0-301F-11D3-BF4B-00C04F79EFBC}") = "BusinessLogicLayer", "BusinessLogicLayer\BusinessLogicLayer.csproj", "{63588BAD-9DB2-49C4-8E09-4009CE75BC28}"
EndProject
Project("{FAE04EC0-301F-11D3-BF4B-00C04F79EFBC}") = "Utility", "Utility\Utility.csproj", "{559D268E-1307-45A3-8932-5C425A0EB35F}"
EndProject
Project("{FAE04EC0-301F-11D3-BF4B-00C04F79EFBC}") = "DataAccessLayer", "DataAccessLayer\DataAccessLayer.csproj", "{0D283E5C-D9D5-4392-912F-1062F0E55942}"
EndProject
Global
	GlobalSection(SolutionConfigurationPlatforms) = preSolution
		Debug|Any CPU = Debug|Any CPU
		Release|Any CPU = Release|Any CPU
	EndGlobalSection
	GlobalSection(ProjectConfigurationPlatforms) = postSolution
		{2F8BC8A1-7D18-491C-B130-9B16A0CA8603}.Debug|Any CPU.ActiveCfg = Debug|Any CPU
		{2F8BC8A1-7D18-491C-B130-9B16A0CA8603}.Debug|Any CPU.Build.0 = Debug|Any CPU
		{2F8BC8A1-7D18-491C-B130-9B16A0CA8603}.Release|Any CPU.ActiveCfg = Release|Any CPU
		{2F8BC8A1-7D18-491C-B130-9B16A0CA8603}.Release|Any CPU.Build.0 = Release|Any CPU
		{31F835BC-3CC9-4827-9411-4D4A518C88E2}.Debug|Any CPU.ActiveCfg = Debug|Any CPU
		{31F835BC-3CC9-4827-9411-4D4A518C88E2}.Debug|Any CPU.Build.0 = Debug|Any CPU
		{31F835BC-3CC9-4827-9411-4D4A518C88E2}.Release|Any CPU.ActiveCfg = Release|Any CPU
		{31F835BC-3CC9-4827-9411-4D4A518C88E2}.Release|Any CPU.Build.0 = Release|Any CPU
		{63588BAD-9DB2-49C4-8E09-4009CE75BC28}.Debug|Any CPU.ActiveCfg = Debug|Any CPU
		{63588BAD-9DB2-49C4-8E09-4009CE75BC28}.Debug|Any CPU.Build.0 = Debug|Any CPU
		{63588BAD-9DB2-49C4-8E09-4009CE75BC28}.Release|Any CPU.ActiveCfg = Release|Any CPU
		{63588BAD-9DB2-49C4-8E09-4009CE75BC28}.Release|Any CPU.Build.0 = Release|Any CPU
		{559D268E-1307-45A3-8932-5C425A0EB35F}.Debug|Any CPU.ActiveCfg = Debug|Any CPU
		{559D268E-1307-45A3-8932-5C425A0EB35F}.Debug|Any CPU.Build.0 = Debug|Any CPU
		{559D268E-1307-45A3-8932-5C425A0EB35F}.Release|Any CPU.ActiveCfg = Release|Any CPU
		{559D268E-1307-45A3-8932-5C425A0EB35F}.Release|Any CPU.Build.0 = Release|Any CPU
		{0D283E5C-D9D5-4392-912F-1062F0E55942}.Debug|Any CPU.ActiveCfg = Debug|Any CPU
		{0D283E5C-D9D5-4392-912F-1062F0E55942}.Debug|Any CPU.Build.0 = Debug|Any CPU
		{0D283E5C-D9D5-4392-912F-1062F0E55942}.Release|Any CPU.ActiveCfg = Release|Any CPU
		{0D283E5C-D9D5-4392-912F-1062F0E55942}.Release|Any CPU.Build.0 = Release|Any CPU
	EndGlobalSection
	GlobalSection(SolutionProperties) = preSolution
		HideSolutionNode = FALSE
	EndGlobalSection
	GlobalSection(ExtensibilityGlobals) = postSolution
		SolutionGuid = {58CAE714-15D0-44CF-9490-C9C380A1C194}
	EndGlobalSection
EndGlobal
